
Microsoft Visual Studio Solution File, Format Version 12.00
# Visual Studio 15
VisualStudioVersion = 15.0.27428.2037
MinimumVisualStudioVersion = 10.0.40219.1
Project("{8BC9CEB8-8B4A-11D0-8D11-00A0C91BC942}") = "GenericElectrics", "GenericElectrics.vcxproj", "{15E28965-C8A7-4406-8067-C17D3C663DB1}"
EndProject
Project("{8BC9CEB8-8B4A-11D0-8D11-00A0C91BC942}") = "GenericElectricsTests", "GenericElectricsTests\GenericElectricsTests.vcxproj", "{66F86058-0E4D-4C89-B8D6-D8F345EF58BF}"
EndProject
Global
	GlobalSection(SolutionConfigurationPlatforms) = preSolution
		Debug|x64 = Debug|x64
		Debug|x86 = Debug|x86
		Release|x64 = Release|x64
		Release|x86 = Release|x86
	EndGlobalSection
	GlobalSection(ProjectConfigurationPlatforms) = postSolution
		{15E28965-C8A7-4406-8067-C17D3C663DB1}.Debug|x64.ActiveCfg = Debug|x64
		{15E28965-C8A7-4406-8067-C17D3C663DB1}.Debug|x64.Build.0 = Debug|x64
		{15E28965-C8A7-4406-8067-C17D3C663DB1}.Debug|x86.ActiveCfg = Debug|Win32
		{15E28965-C8A7-4406-8067-C17D3C663DB1}.Debug|x86.Build.0 = Debug|Win32
		{15E28965-C8A7-4406-8067-C17D3C663DB1}.Release|x64.ActiveCfg = Release|x64
		{15E28965-C8A7-4406-8067-C17D3C663DB1}.Release|x64.Build.0 = Release|x64
		{15E28965-C8A7-4406-8067-C17D3C663DB1}.Release|x86.ActiveCfg = Release|Win32
		{15E28965-C8A7-4406-8067-C17D3C663DB1}.Release|x86.Build.0 = Release|Win32
		{66F86058-0E4D-4C89-B8D6-D8F345EF58BF}.Debug|x64.ActiveCfg = Debug|x64
		{66F86058-0E4D-4C89-B8D6-D8F345EF58BF}.Debug|x64.Build.0 = Debug|x64
		{66F86058-0E4D-4C89-B8D6-D8F345EF58BF}.Debug|x86.ActiveCfg = Debug|Win32
		{66F86058-0E4D-4C89-B8D6-D8F345EF58BF}.Debug|x86.Build.0 = Debug|Win32
		{66F86058-0E4D-4C89-B8D6-D8F345EF58BF}.Release|x64.ActiveCfg = Release|x64
		{66F86058-0E4D-4C89-B8D6-D8F345EF58BF}.Release|x64.Build.0 = Release|x64
		{66F86058-0E4D-4C89-B8D6-D8F345EF58BF}.Release|x86.ActiveCfg = Release|Win32
		{66F86058-0E4D-4C89-B8D6-D8F345EF58BF}.Release|x86.Build.0 = Release|Win32
	EndGlobalSection
	GlobalSection(SolutionProperties) = preSolution
		HideSolutionNode = FALSE
	EndGlobalSection
	GlobalSection(ExtensibilityGlobals) = postSolution
		SolutionGuid = {FFAB39DA-E747-45A0-A33C-25CDABBB8A3F}
	EndGlobalSection
EndGlobal
