<?xml version="1.0" encoding="utf-8"?>
<Project ToolsVersion="4.0" xmlns="http://schemas.microsoft.com/developer/msbuild/2003">
  <ItemGroup>
    <Filter Include="Source Files">
      <UniqueIdentifier>{4FC737F1-C7A5-4376-A066-2A32D752A2FF}</UniqueIdentifier>
      <Extensions>cpp;c;cc;cxx;def;odl;idl;hpj;bat;asm;asmx</Extensions>
    </Filter>
    <Filter Include="Header Files">
      <UniqueIdentifier>{93995380-89BD-4b04-88EB-625FBE52EBFB}</UniqueIdentifier>
      <Extensions>h;hh;hpp;hxx;hm;inl;inc;ipp;xsd</Extensions>
    </Filter>
    <Filter Include="Resource Files">
      <UniqueIdentifier>{67DA6AB6-F800-4c08-8B7A-83BB121AAD01}</UniqueIdentifier>
      <Extensions>rc;ico;cur;bmp;dlg;rc2;rct;bin;rgs;gif;jpg;jpeg;jpe;resx;tiff;tif;png;wav;mfcribbon-ms</Extensions>
    </Filter>
  </ItemGroup>
  <ItemGroup>
    <ClInclude Include="src\include\PowerBus.h">
      <Filter>Header Files</Filter>
    </ClInclude>
    <ClInclude Include="src\include\PowerChild.h">
      <Filter>Header Files</Filter>
    </ClInclude>
    <ClInclude Include="src\include\PowerCircuit.h">
      <Filter>Header Files</Filter>
    </ClInclude>
    <ClInclude Include="src\include\PowerCircuit_Base.h">
      <Filter>Header Files</Filter>
    </ClInclude>
    <ClInclude Include="src\include\PowerCircuitManager.h">
      <Filter>Header Files</Filter>
    </ClInclude>
    <ClInclude Include="src\include\PowerConsumer.h">
      <Filter>Header Files</Filter>
    </ClInclude>
    <ClInclude Include="src\include\PowerConverter.h">
      <Filter>Header Files</Filter>
    </ClInclude>
    <ClInclude Include="src\include\PowerParent.h">
      <Filter>Header Files</Filter>
    </ClInclude>
    <ClInclude Include="src\include\PowerSource.h">
      <Filter>Header Files</Filter>
    </ClInclude>
    <ClInclude Include="src\include\PowerSourceChargable.h">
      <Filter>Header Files</Filter>
    </ClInclude>
    <ClInclude Include="src\include\PowerSubCircuit.h">
      <Filter>Header Files</Filter>
    </ClInclude>
    <ClInclude Include="src\include\PowerTypes.h">
      <Filter>Header Files</Filter>
    </ClInclude>
    <ClInclude Include="src\include\stdincludes.h">
      <Filter>Header Files</Filter>
    </ClInclude>
  </ItemGroup>
  <ItemGroup>
    <ClCompile Include="src\cpp\PowerBus.cpp">
      <Filter>Source Files</Filter>
    </ClCompile>
    <ClCompile Include="src\cpp\PowerChild.cpp">
      <Filter>Source Files</Filter>
    </ClCompile>
    <ClCompile Include="src\cpp\PowerCircuit.cpp">
      <Filter>Source Files</Filter>
    </ClCompile>
    <ClCompile Include="src\cpp\PowerCircuit_Base.cpp">
      <Filter>Source Files</Filter>
    </ClCompile>
    <ClCompile Include="src\cpp\PowerCircuitManager.cpp">
      <Filter>Source Files</Filter>
    </ClCompile>
    <ClCompile Include="src\cpp\PowerConsumer.cpp">
      <Filter>Source Files</Filter>
    </ClCompile>
    <ClCompile Include="src\cpp\PowerConverter.cpp">
      <Filter>Source Files</Filter>
    </ClCompile>
    <ClCompile Include="src\cpp\PowerParent.cpp">
      <Filter>Source Files</Filter>
    </ClCompile>
    <ClCompile Include="src\cpp\PowerSource.cpp">
      <Filter>Source Files</Filter>
    </ClCompile>
    <ClCompile Include="src\cpp\PowerSourceChargable.cpp">
      <Filter>Source Files</Filter>
    </ClCompile>
    <ClCompile Include="src\cpp\PowerSubCircuit.cpp">
      <Filter>Source Files</Filter>
    </ClCompile>
  </ItemGroup>
</Project>